
Microsoft Visual Studio Solution File, Format Version 12.00
# Visual Studio Version 16
VisualStudioVersion = 16.0.31729.503
MinimumVisualStudioVersion = 10.0.40219.1
Project("{FAE04EC0-301F-11D3-BF4B-00C04F79EFBC}") = "pruebasDeAceptacion", "pruebasDeAceptacion\pruebasDeAceptacion.csproj", "{DD61FD6D-0C33-48BC-810D-5796B3165FEB}"
EndProject
Global
	GlobalSection(SolutionConfigurationPlatforms) = preSolution
		Debug|Any CPU = Debug|Any CPU
		Release|Any CPU = Release|Any CPU
	EndGlobalSection
	GlobalSection(ProjectConfigurationPlatforms) = postSolution
		{DD61FD6D-0C33-48BC-810D-5796B3165FEB}.Debug|Any CPU.ActiveCfg = Debug|Any CPU
		{DD61FD6D-0C33-48BC-810D-5796B3165FEB}.Debug|Any CPU.Build.0 = Debug|Any CPU
		{DD61FD6D-0C33-48BC-810D-5796B3165FEB}.Release|Any CPU.ActiveCfg = Release|Any CPU
		{DD61FD6D-0C33-48BC-810D-5796B3165FEB}.Release|Any CPU.Build.0 = Release|Any CPU
	EndGlobalSection
	GlobalSection(SolutionProperties) = preSolution
		HideSolutionNode = FALSE
	EndGlobalSection
	GlobalSection(ExtensibilityGlobals) = postSolution
		SolutionGuid = {B54B4C64-7E1B-4B88-BDD6-96EFFD982CBF}
	EndGlobalSection
EndGlobal
